
Microsoft Visual Studio Solution File, Format Version 12.00
# Visual Studio Version 17
VisualStudioVersion = 17.14.36811.4 d17.14
MinimumVisualStudioVersion = 10.0.40219.1
Project("{FAE04EC0-301F-11D3-BF4B-00C04F79EFBC}") = "Golden Books", "BookIsGold\Golden Books.csproj", "{DDBC4B98-1E65-48C1-8D8E-93542E7CACE0}"
EndProject
Global
	GlobalSection(SolutionConfigurationPlatforms) = preSolution
		Debug|Any CPU = Debug|Any CPU
		Release|Any CPU = Release|Any CPU
	EndGlobalSection
	GlobalSection(ProjectConfigurationPlatforms) = postSolution
		{DDBC4B98-1E65-48C1-8D8E-93542E7CACE0}.Debug|Any CPU.ActiveCfg = Debug|Any CPU
		{DDBC4B98-1E65-48C1-8D8E-93542E7CACE0}.Debug|Any CPU.Build.0 = Debug|Any CPU
		{DDBC4B98-1E65-48C1-8D8E-93542E7CACE0}.Release|Any CPU.ActiveCfg = Release|Any CPU
		{DDBC4B98-1E65-48C1-8D8E-93542E7CACE0}.Release|Any CPU.Build.0 = Release|Any CPU
	EndGlobalSection
	GlobalSection(SolutionProperties) = preSolution
		HideSolutionNode = FALSE
	EndGlobalSection
	GlobalSection(ExtensibilityGlobals) = postSolution
		SolutionGuid = {BA7AD307-0576-4884-8023-4ADDAFB800E8}
	EndGlobalSection
EndGlobal
